<?xml version="1.0" encoding="utf-8"?>
<Project ToolsVersion="4.0" xmlns="http://schemas.microsoft.com/developer/msbuild/2003">
  <ItemGroup>
    <Filter Include="Header">
      <UniqueIdentifier>{d5fbb6bc-c61b-42db-8dc7-59a056d53be9}</UniqueIdentifier>
    </Filter>
    <Filter Include="Resource">
      <UniqueIdentifier>{ee3aa02b-575d-459a-9d2f-5ac2a7dc2bf6}</UniqueIdentifier>
    </Filter>
    <Filter Include="Source">
      <UniqueIdentifier>{90fecd3b-988e-4b51-a67d-93b77fde91f7}</UniqueIdentifier>
    </Filter>
  </ItemGroup>
  <ItemGroup>
    <ClCompile Include=".\src\iplookup.cpp">
      <Filter>Source</Filter>
    </ClCompile>
    <ClCompile Include="..\routine.cpp">
      <Filter>Source</Filter>
    </ClCompile>
    <ClCompile Include="..\ini.cpp">
      <Filter>Source</Filter>
    </ClCompile>
  </ItemGroup>
  <ItemGroup>
    <ClInclude Include=".\src\iplookup.h">
      <Filter>Header</Filter>
    </ClInclude>
    <ClInclude Include=".\src\resource.h">
      <Filter>Header</Filter>
    </ClInclude>
    <ClInclude Include="..\routine.h">
      <Filter>Header</Filter>
    </ClInclude>
    <ClInclude Include="..\ini.h">
      <Filter>Header</Filter>
    </ClInclude>
  </ItemGroup>
  <ItemGroup>
    <ResourceCompile Include=".\src\resource.rc">
      <Filter>Resource</Filter>
    </ResourceCompile>
  </ItemGroup>
</Project>